
Microsoft Visual Studio Solution File, Format Version 12.00
# Visual Studio 15
VisualStudioVersion = 15.0.26730.16
MinimumVisualStudioVersion = 10.0.40219.1
Project("{FAE04EC0-301F-11D3-BF4B-00C04F79EFBC}") = "ConsoleApp5", "ConsoleApp5\ConsoleApp5.csproj", "{085D1BCD-5D34-4727-8AA0-ED17C8905ABA}"
EndProject
Global
	GlobalSection(SolutionConfigurationPlatforms) = preSolution
		Debug|Any CPU = Debug|Any CPU
		Release|Any CPU = Release|Any CPU
	EndGlobalSection
	GlobalSection(ProjectConfigurationPlatforms) = postSolution
		{085D1BCD-5D34-4727-8AA0-ED17C8905ABA}.Debug|Any CPU.ActiveCfg = Debug|Any CPU
		{085D1BCD-5D34-4727-8AA0-ED17C8905ABA}.Debug|Any CPU.Build.0 = Debug|Any CPU
		{085D1BCD-5D34-4727-8AA0-ED17C8905ABA}.Release|Any CPU.ActiveCfg = Release|Any CPU
		{085D1BCD-5D34-4727-8AA0-ED17C8905ABA}.Release|Any CPU.Build.0 = Release|Any CPU
	EndGlobalSection
	GlobalSection(SolutionProperties) = preSolution
		HideSolutionNode = FALSE
	EndGlobalSection
	GlobalSection(ExtensibilityGlobals) = postSolution
		SolutionGuid = {DF3B7B10-D960-4539-843D-D3FEB478BCDC}
	EndGlobalSection
EndGlobal
